{
    "_readme": [
        "This file locks the dependencies of your project to a known state",
        "Read more about it at https://getcomposer.org/doc/01-basic-usage.md#composer-lock-the-lock-file",
        "This file is @generated automatically"
    ],
    "content-hash": "2e42f01107e0e51eb5719182e5ecee21",
    "packages": [
        {
            "name": "panpan76/logguer",
            "version": "dev-master-7",
            "source": {
                "type": "git",
                "url": "https://github.com/Panpan76/Logguer.git",
                "reference": "368d4f95adcfca73e808e0dc93329ad5ddb94661"
            },
            "dist": {
                "type": "zip",
                "url": "https://api.github.com/repos/Panpan76/Logguer/zipball/368d4f95adcfca73e808e0dc93329ad5ddb94661",
                "reference": "368d4f95adcfca73e808e0dc93329ad5ddb94661",
                "shasum": ""
            },
            "require": {
                "php": ">=7.1.9"
            },
            "type": "library",
            "autoload": {
                "psr-4": {
                    "Logguer\\": "src/Logguer",
                    "Exceptions\\": "src/Exceptions",
                    "Tests\\": "Tests"
                }
            },
            "notification-url": "https://packagist.org/downloads/",
            "authors": [
                {
                    "name": "Panpan76",
                    "email": "cedric.moclyn@hotmail.fr"
                }
            ],
            "time": "2018-01-12T13:47:44+00:00"
        }
    ],
    "packages-dev": [],
    "aliases": [],
    "minimum-stability": "stable",
    "stability-flags": {
        "panpan76/logguer": 20
    },
    "prefer-stable": false,
    "prefer-lowest": false,
    "platform": {
        "php": ">=7.1.9"
    },
    "platform-dev": []
}
